
Microsoft Visual Studio Solution File, Format Version 12.00
# Visual Studio Version 17
VisualStudioVersion = 17.5.33424.131
MinimumVisualStudioVersion = 10.0.40219.1
Project("{9A19103F-16F7-4668-BE54-9A1E7A4F7556}") = "BookLibrary", "OnionArchitecrureProject\BookLibrary.csproj", "{79BA0807-BAD6-4317-8EC4-CD917F93844B}"
EndProject
Project("{9A19103F-16F7-4668-BE54-9A1E7A4F7556}") = "BookLibrary.Domain.Core", "DomainLayer\BookLibrary.Domain.Core.csproj", "{9858B702-6C73-4078-877F-4D138958BE5D}"
EndProject
Project("{9A19103F-16F7-4668-BE54-9A1E7A4F7556}") = "BookLibrary.Infrastructure.Data", "RepositoryLayer\BookLibrary.Infrastructure.Data.csproj", "{D081EEF2-7D1A-4D32-B5DA-9A2EBC45EA1E}"
EndProject
Project("{9A19103F-16F7-4668-BE54-9A1E7A4F7556}") = "BookLibrary.Services.Interfaces", "ServiceLayer\BookLibrary.Services.Interfaces.csproj", "{039C9539-AA3D-4FDE-A2F6-4CD1A74FCB8C}"
EndProject
Project("{9A19103F-16F7-4668-BE54-9A1E7A4F7556}") = "BookLibrary.Domain.Interfaces", "Domain.Interfaces\BookLibrary.Domain.Interfaces.csproj", "{C469CA73-F7B4-4E3C-ABE5-12AFC2E7488A}"
EndProject
Project("{2150E333-8FDC-42A3-9474-1A3956D46DE8}") = "Domain", "Domain", "{2C91D904-6E2F-43B1-BD35-4AB4105AA583}"
EndProject
Project("{2150E333-8FDC-42A3-9474-1A3956D46DE8}") = "Infrastructure", "Infrastructure", "{C81AF6D5-2ABA-4553-A776-40CABE96C3A3}"
EndProject
Project("{FAE04EC0-301F-11D3-BF4B-00C04F79EFBC}") = "BookLibrary.Infrastructure.Business", "Infrastructure.Business\BookLibrary.Infrastructure.Business.csproj", "{AE596288-9730-4D3C-9E76-233665128E4A}"
EndProject
Project("{2150E333-8FDC-42A3-9474-1A3956D46DE8}") = "Services", "Services", "{32E9A7AC-C643-4FD9-B350-37F8D5E6E137}"
EndProject
Global
	GlobalSection(SolutionConfigurationPlatforms) = preSolution
		Debug|Any CPU = Debug|Any CPU
		Release|Any CPU = Release|Any CPU
	EndGlobalSection
	GlobalSection(ProjectConfigurationPlatforms) = postSolution
		{79BA0807-BAD6-4317-8EC4-CD917F93844B}.Debug|Any CPU.ActiveCfg = Debug|Any CPU
		{79BA0807-BAD6-4317-8EC4-CD917F93844B}.Debug|Any CPU.Build.0 = Debug|Any CPU
		{79BA0807-BAD6-4317-8EC4-CD917F93844B}.Release|Any CPU.ActiveCfg = Release|Any CPU
		{79BA0807-BAD6-4317-8EC4-CD917F93844B}.Release|Any CPU.Build.0 = Release|Any CPU
		{9858B702-6C73-4078-877F-4D138958BE5D}.Debug|Any CPU.ActiveCfg = Debug|Any CPU
		{9858B702-6C73-4078-877F-4D138958BE5D}.Debug|Any CPU.Build.0 = Debug|Any CPU
		{9858B702-6C73-4078-877F-4D138958BE5D}.Release|Any CPU.ActiveCfg = Release|Any CPU
		{9858B702-6C73-4078-877F-4D138958BE5D}.Release|Any CPU.Build.0 = Release|Any CPU
		{D081EEF2-7D1A-4D32-B5DA-9A2EBC45EA1E}.Debug|Any CPU.ActiveCfg = Debug|Any CPU
		{D081EEF2-7D1A-4D32-B5DA-9A2EBC45EA1E}.Debug|Any CPU.Build.0 = Debug|Any CPU
		{D081EEF2-7D1A-4D32-B5DA-9A2EBC45EA1E}.Release|Any CPU.ActiveCfg = Release|Any CPU
		{D081EEF2-7D1A-4D32-B5DA-9A2EBC45EA1E}.Release|Any CPU.Build.0 = Release|Any CPU
		{039C9539-AA3D-4FDE-A2F6-4CD1A74FCB8C}.Debug|Any CPU.ActiveCfg = Debug|Any CPU
		{039C9539-AA3D-4FDE-A2F6-4CD1A74FCB8C}.Debug|Any CPU.Build.0 = Debug|Any CPU
		{039C9539-AA3D-4FDE-A2F6-4CD1A74FCB8C}.Release|Any CPU.ActiveCfg = Release|Any CPU
		{039C9539-AA3D-4FDE-A2F6-4CD1A74FCB8C}.Release|Any CPU.Build.0 = Release|Any CPU
		{C469CA73-F7B4-4E3C-ABE5-12AFC2E7488A}.Debug|Any CPU.ActiveCfg = Debug|Any CPU
		{C469CA73-F7B4-4E3C-ABE5-12AFC2E7488A}.Debug|Any CPU.Build.0 = Debug|Any CPU
		{C469CA73-F7B4-4E3C-ABE5-12AFC2E7488A}.Release|Any CPU.ActiveCfg = Release|Any CPU
		{C469CA73-F7B4-4E3C-ABE5-12AFC2E7488A}.Release|Any CPU.Build.0 = Release|Any CPU
		{AE596288-9730-4D3C-9E76-233665128E4A}.Debug|Any CPU.ActiveCfg = Debug|Any CPU
		{AE596288-9730-4D3C-9E76-233665128E4A}.Debug|Any CPU.Build.0 = Debug|Any CPU
		{AE596288-9730-4D3C-9E76-233665128E4A}.Release|Any CPU.ActiveCfg = Release|Any CPU
		{AE596288-9730-4D3C-9E76-233665128E4A}.Release|Any CPU.Build.0 = Release|Any CPU
	EndGlobalSection
	GlobalSection(SolutionProperties) = preSolution
		HideSolutionNode = FALSE
	EndGlobalSection
	GlobalSection(NestedProjects) = preSolution
		{9858B702-6C73-4078-877F-4D138958BE5D} = {2C91D904-6E2F-43B1-BD35-4AB4105AA583}
		{D081EEF2-7D1A-4D32-B5DA-9A2EBC45EA1E} = {C81AF6D5-2ABA-4553-A776-40CABE96C3A3}
		{039C9539-AA3D-4FDE-A2F6-4CD1A74FCB8C} = {32E9A7AC-C643-4FD9-B350-37F8D5E6E137}
		{C469CA73-F7B4-4E3C-ABE5-12AFC2E7488A} = {2C91D904-6E2F-43B1-BD35-4AB4105AA583}
		{AE596288-9730-4D3C-9E76-233665128E4A} = {C81AF6D5-2ABA-4553-A776-40CABE96C3A3}
	EndGlobalSection
	GlobalSection(ExtensibilityGlobals) = postSolution
		SolutionGuid = {25A9D74F-5CF4-4378-916B-86C46D0CE279}
	EndGlobalSection
EndGlobal
